
Microsoft Visual Studio Solution File, Format Version 12.00
# Visual Studio Version 17
VisualStudioVersion = 17.2.32616.157
MinimumVisualStudioVersion = 10.0.40219.1
Project("{9A19103F-16F7-4668-BE54-9A1E7A4F7556}") = "ApplicationMember", "ApplicationMember.csproj", "{502F1051-112A-41FD-99FA-04B739A3FC25}"
EndProject
Global
	GlobalSection(SolutionConfigurationPlatforms) = preSolution
		Debug|Any CPU = Debug|Any CPU
		Development|Any CPU = Development|Any CPU
		Release|Any CPU = Release|Any CPU
	EndGlobalSection
	GlobalSection(ProjectConfigurationPlatforms) = postSolution
		{502F1051-112A-41FD-99FA-04B739A3FC25}.Debug|Any CPU.ActiveCfg = Debug|Any CPU
		{502F1051-112A-41FD-99FA-04B739A3FC25}.Debug|Any CPU.Build.0 = Debug|Any CPU
		{502F1051-112A-41FD-99FA-04B739A3FC25}.Development|Any CPU.ActiveCfg = Debug|Any CPU
		{502F1051-112A-41FD-99FA-04B739A3FC25}.Development|Any CPU.Build.0 = Debug|Any CPU
		{502F1051-112A-41FD-99FA-04B739A3FC25}.Release|Any CPU.ActiveCfg = Release|Any CPU
		{502F1051-112A-41FD-99FA-04B739A3FC25}.Release|Any CPU.Build.0 = Release|Any CPU
	EndGlobalSection
	GlobalSection(SolutionProperties) = preSolution
		HideSolutionNode = FALSE
	EndGlobalSection
	GlobalSection(ExtensibilityGlobals) = postSolution
		SolutionGuid = {108E1C3B-DE6D-4133-B1F8-85FFEADEE402}
	EndGlobalSection
EndGlobal
